Microsoft Visual Studio Solution File, Format Version 12.00
# Visual Studio Version 16
VisualStudioVersion = 16.0.29920.165
MinimumVisualStudioVersion = 15.0.26124.0

Project("{D954291E-2A0B-460D-934E-DC6B0785DB48}") = "MyApp3.Shared", "MyApp3.Shared\MyApp3.Shared.shproj", "{6279C845-92F8-4333-AB99-3D213163593C}"
EndProject




Project("{9A19103F-16F7-4668-BE54-9A1E7A4F7556}") = "MyApp3.Wasm", "MyApp3.Wasm\MyApp3.Wasm.csproj", "{40EA03F7-8A22-4143-B251-79BAC3EB13D2}"
EndProject





Global
	GlobalSection(SharedMSBuildProjectFiles) = preSolution
		MyApp3.Shared\MyApp3.Shared.projitems*{392b4661-c5f7-4f3d-8cd3-04cbdf218dcb}*SharedItemsImports = 4
		MyApp3.Shared\MyApp3.Shared.projitems*{fead2806-90ad-4085-9bd2-216a272646c6}*SharedItemsImports = 5
		MyApp3.Shared\MyApp3.Shared.projitems*{72a44ae1-6ad1-427f-b731-cc4b37cf911f}*SharedItemsImports = 4
		MyApp3.Shared\MyApp3.Shared.projitems*{40ea03f7-8a22-4143-b251-79bac3eb13d2}*SharedItemsImports = 5
		MyApp3.Shared\MyApp3.Shared.projitems*{a5b8155a-118f-4794-b551-c6f3cf7e5411}*SharedItemsImports = 5
		MyApp3.Shared\MyApp3.Shared.projitems*{a5ff203f-6091-4dd6-9cb8-459f987f877f}*SharedItemsImports = 4
		MyApp3.Shared\MyApp3.Shared.projitems*{6279c845-92f8-4333-ab99-3d213163593c}*SharedItemsImports = 13
		MyApp3.Shared\MyApp3.Shared.projitems*{e61fc16e-262d-4291-bffe-a6857d877f0e}*SharedItemsImports = 4
	EndGlobalSection
	GlobalSection(SolutionConfigurationPlatforms) = preSolution
		Debug|Any CPU = Debug|Any CPU
		Debug|ARM = Debug|ARM
		Debug|ARM64 = Debug|ARM64
		Debug|iPhone = Debug|iPhone
		Debug|iPhoneSimulator = Debug|iPhoneSimulator
		Debug|x64 = Debug|x64
		Debug|x86 = Debug|x86
		Release|Any CPU = Release|Any CPU
		Release|ARM = Release|ARM
		Release|ARM64 = Release|ARM64
		Release|iPhone = Release|iPhone
		Release|iPhoneSimulator = Release|iPhoneSimulator
		Release|x64 = Release|x64
		Release|x86 = Release|x86
	EndGlobalSection
	GlobalSection(ProjectConfigurationPlatforms) = postSolution
		{392b4661-c5f7-4f3d-8cd3-04cbdf218dcb}.Debug|Any CPU.ActiveCfg = Debug|Any CPU
		{392b4661-c5f7-4f3d-8cd3-04cbdf218dcb}.Debug|Any CPU.Build.0 = Debug|Any CPU
		{392b4661-c5f7-4f3d-8cd3-04cbdf218dcb}.Debug|Any CPU.Deploy.0 = Debug|Any CPU
		{392b4661-c5f7-4f3d-8cd3-04cbdf218dcb}.Debug|ARM.ActiveCfg = Debug|Any CPU
		{392b4661-c5f7-4f3d-8cd3-04cbdf218dcb}.Debug|ARM.Build.0 = Debug|Any CPU
		{392b4661-c5f7-4f3d-8cd3-04cbdf218dcb}.Debug|ARM.Deploy.0 = Debug|Any CPU
		{392b4661-c5f7-4f3d-8cd3-04cbdf218dcb}.Debug|ARM64.ActiveCfg = Debug|Any CPU
		{392b4661-c5f7-4f3d-8cd3-04cbdf218dcb}.Debug|ARM64.Build.0 = Debug|Any CPU
		{392b4661-c5f7-4f3d-8cd3-04cbdf218dcb}.Debug|ARM64.Deploy.0 = Debug|Any CPU
		{392b4661-c5f7-4f3d-8cd3-04cbdf218dcb}.Debug|iPhone.ActiveCfg = Debug|Any CPU
		{392b4661-c5f7-4f3d-8cd3-04cbdf218dcb}.Debug|iPhone.Build.0 = Debug|Any CPU
		{392b4661-c5f7-4f3d-8cd3-04cbdf218dcb}.Debug|iPhone.Deploy.0 = Debug|Any CPU
		{392b4661-c5f7-4f3d-8cd3-04cbdf218dcb}.Debug|iPhoneSimulator.ActiveCfg = Debug|Any CPU
		{392b4661-c5f7-4f3d-8cd3-04cbdf218dcb}.Debug|iPhoneSimulator.Build.0 = Debug|Any CPU
		{392b4661-c5f7-4f3d-8cd3-04cbdf218dcb}.Debug|iPhoneSimulator.Deploy.0 = Debug|Any CPU
		{392b4661-c5f7-4f3d-8cd3-04cbdf218dcb}.Debug|x64.ActiveCfg = Debug|Any CPU
		{392b4661-c5f7-4f3d-8cd3-04cbdf218dcb}.Debug|x64.Build.0 = Debug|Any CPU
		{392b4661-c5f7-4f3d-8cd3-04cbdf218dcb}.Debug|x64.Deploy.0 = Debug|Any CPU
		{392b4661-c5f7-4f3d-8cd3-04cbdf218dcb}.Debug|x86.ActiveCfg = Debug|Any CPU
		{392b4661-c5f7-4f3d-8cd3-04cbdf218dcb}.Debug|x86.Build.0 = Debug|Any CPU
		{392b4661-c5f7-4f3d-8cd3-04cbdf218dcb}.Debug|x86.Deploy.0 = Debug|Any CPU

		{392b4661-c5f7-4f3d-8cd3-04cbdf218dcb}.Release|Any CPU.ActiveCfg = Release|Any CPU
		{392b4661-c5f7-4f3d-8cd3-04cbdf218dcb}.Release|Any CPU.Build.0 = Release|Any CPU
		{392b4661-c5f7-4f3d-8cd3-04cbdf218dcb}.Release|Any CPU.Deploy.0 = Release|Any CPU
		{392b4661-c5f7-4f3d-8cd3-04cbdf218dcb}.Release|ARM.ActiveCfg = Release|Any CPU
		{392b4661-c5f7-4f3d-8cd3-04cbdf218dcb}.Release|ARM.Build.0 = Release|Any CPU
		{392b4661-c5f7-4f3d-8cd3-04cbdf218dcb}.Release|ARM.Deploy.0 = Release|Any CPU
		{392b4661-c5f7-4f3d-8cd3-04cbdf218dcb}.Release|ARM64.ActiveCfg = Release|Any CPU
		{392b4661-c5f7-4f3d-8cd3-04cbdf218dcb}.Release|ARM64.Build.0 = Release|Any CPU
		{392b4661-c5f7-4f3d-8cd3-04cbdf218dcb}.Release|ARM64.Deploy.0 = Release|Any CPU
		{392b4661-c5f7-4f3d-8cd3-04cbdf218dcb}.Release|iPhone.ActiveCfg = Release|Any CPU
		{392b4661-c5f7-4f3d-8cd3-04cbdf218dcb}.Release|iPhone.Build.0 = Release|Any CPU
		{392b4661-c5f7-4f3d-8cd3-04cbdf218dcb}.Release|iPhone.Deploy.0 = Release|Any CPU
		{392b4661-c5f7-4f3d-8cd3-04cbdf218dcb}.Release|iPhoneSimulator.ActiveCfg = Release|Any CPU
		{392b4661-c5f7-4f3d-8cd3-04cbdf218dcb}.Release|iPhoneSimulator.Build.0 = Release|Any CPU
		{392b4661-c5f7-4f3d-8cd3-04cbdf218dcb}.Release|iPhoneSimulator.Deploy.0 = Release|Any CPU
		{392b4661-c5f7-4f3d-8cd3-04cbdf218dcb}.Release|x64.ActiveCfg = Release|Any CPU
		{392b4661-c5f7-4f3d-8cd3-04cbdf218dcb}.Release|x64.Build.0 = Release|Any CPU
		{392b4661-c5f7-4f3d-8cd3-04cbdf218dcb}.Release|x64.Deploy.0 = Release|Any CPU
		{392b4661-c5f7-4f3d-8cd3-04cbdf218dcb}.Release|x86.ActiveCfg = Release|Any CPU
		{392b4661-c5f7-4f3d-8cd3-04cbdf218dcb}.Release|x86.Build.0 = Release|Any CPU
		{392b4661-c5f7-4f3d-8cd3-04cbdf218dcb}.Release|x86.Deploy.0 = Release|Any CPU
		{a5ff203f-6091-4dd6-9cb8-459f987f877f}.Debug|Any CPU.ActiveCfg = Debug|iPhone
		{a5ff203f-6091-4dd6-9cb8-459f987f877f}.Debug|Any CPU.Build.0 = Debug|iPhone
		{a5ff203f-6091-4dd6-9cb8-459f987f877f}.Debug|Any CPU.Deploy.0 = Debug|iPhone
		{a5ff203f-6091-4dd6-9cb8-459f987f877f}.Debug|ARM.ActiveCfg = Debug|iPhone
		{a5ff203f-6091-4dd6-9cb8-459f987f877f}.Debug|ARM64.ActiveCfg = Debug|iPhone
		{a5ff203f-6091-4dd6-9cb8-459f987f877f}.Debug|iPhone.ActiveCfg = Debug|iPhone
		{a5ff203f-6091-4dd6-9cb8-459f987f877f}.Debug|iPhone.Build.0 = Debug|iPhone
		{a5ff203f-6091-4dd6-9cb8-459f987f877f}.Debug|iPhoneSimulator.ActiveCfg = Debug|iPhoneSimulator
		{a5ff203f-6091-4dd6-9cb8-459f987f877f}.Debug|iPhoneSimulator.Build.0 = Debug|iPhoneSimulator
		{a5ff203f-6091-4dd6-9cb8-459f987f877f}.Debug|x64.ActiveCfg = Debug|iPhone
		{a5ff203f-6091-4dd6-9cb8-459f987f877f}.Debug|x64.Build.0 = Debug|iPhone
		{a5ff203f-6091-4dd6-9cb8-459f987f877f}.Debug|x64.Deploy.0 = Debug|iPhone
		{a5ff203f-6091-4dd6-9cb8-459f987f877f}.Debug|x86.ActiveCfg = Debug|iPhoneSimulator
		{a5ff203f-6091-4dd6-9cb8-459f987f877f}.Debug|x86.Build.0 = Debug|iPhoneSimulator
		{a5ff203f-6091-4dd6-9cb8-459f987f877f}.Debug|x86.Deploy.0 = Debug|iPhoneSimulator
		{a5ff203f-6091-4dd6-9cb8-459f987f877f}.Release|Any CPU.ActiveCfg = Release|iPhone
		{a5ff203f-6091-4dd6-9cb8-459f987f877f}.Release|ARM.ActiveCfg = Release|iPhone
		{a5ff203f-6091-4dd6-9cb8-459f987f877f}.Release|ARM64.ActiveCfg = Release|iPhone
		{a5ff203f-6091-4dd6-9cb8-459f987f877f}.Release|iPhone.ActiveCfg = Release|iPhone
		{a5ff203f-6091-4dd6-9cb8-459f987f877f}.Release|iPhone.Build.0 = Release|iPhone
		{a5ff203f-6091-4dd6-9cb8-459f987f877f}.Release|iPhoneSimulator.ActiveCfg = Release|iPhoneSimulator
		{a5ff203f-6091-4dd6-9cb8-459f987f877f}.Release|iPhoneSimulator.Build.0 = Release|iPhoneSimulator
		{a5ff203f-6091-4dd6-9cb8-459f987f877f}.Release|x64.ActiveCfg = Release|iPhoneSimulator
		{a5ff203f-6091-4dd6-9cb8-459f987f877f}.Release|x64.Build.0 = Release|iPhoneSimulator
		{a5ff203f-6091-4dd6-9cb8-459f987f877f}.Release|x64.Deploy.0 = Release|iPhoneSimulator
		{a5ff203f-6091-4dd6-9cb8-459f987f877f}.Release|x86.ActiveCfg = Release|iPhoneSimulator
		{a5ff203f-6091-4dd6-9cb8-459f987f877f}.Release|x86.Build.0 = Release|iPhoneSimulator

		{e61fc16e-262d-4291-bffe-a6857d877f0e}.Debug|Any CPU.ActiveCfg = Debug|x86
		{e61fc16e-262d-4291-bffe-a6857d877f0e}.Debug|Any CPU.Build.0 = Debug|x86
		{e61fc16e-262d-4291-bffe-a6857d877f0e}.Debug|Any CPU.Deploy.0 = Debug|x86
		{e61fc16e-262d-4291-bffe-a6857d877f0e}.Debug|ARM.ActiveCfg = Debug|ARM
		{e61fc16e-262d-4291-bffe-a6857d877f0e}.Debug|ARM.Build.0 = Debug|ARM
		{e61fc16e-262d-4291-bffe-a6857d877f0e}.Debug|ARM.Deploy.0 = Debug|ARM
		{e61fc16e-262d-4291-bffe-a6857d877f0e}.Debug|ARM64.ActiveCfg = Debug|ARM64
		{e61fc16e-262d-4291-bffe-a6857d877f0e}.Debug|ARM64.Build.0 = Debug|ARM64
		{e61fc16e-262d-4291-bffe-a6857d877f0e}.Debug|ARM64.Deploy.0 = Debug|ARM64
		{e61fc16e-262d-4291-bffe-a6857d877f0e}.Debug|iPhone.ActiveCfg = Debug|x86
		{e61fc16e-262d-4291-bffe-a6857d877f0e}.Debug|iPhone.Build.0 = Debug|x86
		{e61fc16e-262d-4291-bffe-a6857d877f0e}.Debug|iPhone.Deploy.0 = Debug|x86
		{e61fc16e-262d-4291-bffe-a6857d877f0e}.Debug|iPhoneSimulator.ActiveCfg = Debug|x86
		{e61fc16e-262d-4291-bffe-a6857d877f0e}.Debug|iPhoneSimulator.Build.0 = Debug|x86
		{e61fc16e-262d-4291-bffe-a6857d877f0e}.Debug|iPhoneSimulator.Deploy.0 = Debug|x86
		{e61fc16e-262d-4291-bffe-a6857d877f0e}.Debug|x64.ActiveCfg = Debug|x64
		{e61fc16e-262d-4291-bffe-a6857d877f0e}.Debug|x64.Build.0 = Debug|x64
		{e61fc16e-262d-4291-bffe-a6857d877f0e}.Debug|x64.Deploy.0 = Debug|x64
		{e61fc16e-262d-4291-bffe-a6857d877f0e}.Debug|x86.ActiveCfg = Debug|x86
		{e61fc16e-262d-4291-bffe-a6857d877f0e}.Debug|x86.Build.0 = Debug|x86
		{e61fc16e-262d-4291-bffe-a6857d877f0e}.Debug|x86.Deploy.0 = Debug|x86
		{e61fc16e-262d-4291-bffe-a6857d877f0e}.Release|Any CPU.ActiveCfg = Release|x86
		{e61fc16e-262d-4291-bffe-a6857d877f0e}.Release|ARM.ActiveCfg = Release|ARM
		{e61fc16e-262d-4291-bffe-a6857d877f0e}.Release|ARM.Build.0 = Release|ARM
		{e61fc16e-262d-4291-bffe-a6857d877f0e}.Release|ARM.Deploy.0 = Release|ARM
		{e61fc16e-262d-4291-bffe-a6857d877f0e}.Release|ARM64.ActiveCfg = Release|ARM64
		{e61fc16e-262d-4291-bffe-a6857d877f0e}.Release|ARM64.Build.0 = Release|ARM64
		{e61fc16e-262d-4291-bffe-a6857d877f0e}.Release|ARM64.Deploy.0 = Release|ARM64
		{e61fc16e-262d-4291-bffe-a6857d877f0e}.Release|iPhone.ActiveCfg = Release|x86
		{e61fc16e-262d-4291-bffe-a6857d877f0e}.Release|iPhone.Build.0 = Release|x86
		{e61fc16e-262d-4291-bffe-a6857d877f0e}.Release|iPhoneSimulator.ActiveCfg = Release|x86
		{e61fc16e-262d-4291-bffe-a6857d877f0e}.Release|iPhoneSimulator.Build.0 = Release|x86
		{e61fc16e-262d-4291-bffe-a6857d877f0e}.Release|iPhoneSimulator.Deploy.0 = Release|x86
		{e61fc16e-262d-4291-bffe-a6857d877f0e}.Release|x64.ActiveCfg = Release|x64
		{e61fc16e-262d-4291-bffe-a6857d877f0e}.Release|x64.Build.0 = Release|x64
		{e61fc16e-262d-4291-bffe-a6857d877f0e}.Release|x64.Deploy.0 = Release|x64
		{e61fc16e-262d-4291-bffe-a6857d877f0e}.Release|x86.ActiveCfg = Release|x86
		{e61fc16e-262d-4291-bffe-a6857d877f0e}.Release|x86.Build.0 = Release|x86
		{e61fc16e-262d-4291-bffe-a6857d877f0e}.Release|x86.Deploy.0 = Release|x86

		{fead2806-90ad-4085-9bd2-216a272646c6}.Debug|Any CPU.ActiveCfg = Debug|Any CPU
		{fead2806-90ad-4085-9bd2-216a272646c6}.Debug|Any CPU.Build.0 = Debug|Any CPU
		{fead2806-90ad-4085-9bd2-216a272646c6}.Debug|Any CPU.Deploy.0 = Debug|Any CPU
		{fead2806-90ad-4085-9bd2-216a272646c6}.Debug|ARM.ActiveCfg = Debug|ARM
		{fead2806-90ad-4085-9bd2-216a272646c6}.Debug|ARM.Build.0 = Debug|ARM
		{fead2806-90ad-4085-9bd2-216a272646c6}.Debug|ARM.Deploy.0 = Debug|ARM
		{fead2806-90ad-4085-9bd2-216a272646c6}.Debug|ARM64.ActiveCfg = Debug|ARM64
		{fead2806-90ad-4085-9bd2-216a272646c6}.Debug|ARM64.Build.0 = Debug|ARM64
		{fead2806-90ad-4085-9bd2-216a272646c6}.Debug|ARM64.Deploy.0 = Debug|ARM64
		{fead2806-90ad-4085-9bd2-216a272646c6}.Debug|iPhone.ActiveCfg = Debug|x86
		{fead2806-90ad-4085-9bd2-216a272646c6}.Debug|iPhone.Build.0 = Debug|x86
		{fead2806-90ad-4085-9bd2-216a272646c6}.Debug|iPhone.Deploy.0 = Debug|x86
		{fead2806-90ad-4085-9bd2-216a272646c6}.Debug|iPhoneSimulator.ActiveCfg = Debug|x86
		{fead2806-90ad-4085-9bd2-216a272646c6}.Debug|iPhoneSimulator.Build.0 = Debug|x86
		{fead2806-90ad-4085-9bd2-216a272646c6}.Debug|iPhoneSimulator.Deploy.0 = Debug|x86
		{fead2806-90ad-4085-9bd2-216a272646c6}.Debug|x64.ActiveCfg = Debug|x64
		{fead2806-90ad-4085-9bd2-216a272646c6}.Debug|x64.Build.0 = Debug|x64
		{fead2806-90ad-4085-9bd2-216a272646c6}.Debug|x64.Deploy.0 = Debug|x64
		{fead2806-90ad-4085-9bd2-216a272646c6}.Debug|x86.ActiveCfg = Debug|x86
		{fead2806-90ad-4085-9bd2-216a272646c6}.Debug|x86.Build.0 = Debug|x86
		{fead2806-90ad-4085-9bd2-216a272646c6}.Debug|x86.Deploy.0 = Debug|x86
		{fead2806-90ad-4085-9bd2-216a272646c6}.Release|Any CPU.ActiveCfg = Release|x86
		{fead2806-90ad-4085-9bd2-216a272646c6}.Release|ARM.ActiveCfg = Release|ARM
		{fead2806-90ad-4085-9bd2-216a272646c6}.Release|ARM.Build.0 = Release|ARM
		{fead2806-90ad-4085-9bd2-216a272646c6}.Release|ARM.Deploy.0 = Release|ARM
		{fead2806-90ad-4085-9bd2-216a272646c6}.Release|ARM64.ActiveCfg = Release|ARM64
		{fead2806-90ad-4085-9bd2-216a272646c6}.Release|ARM64.Build.0 = Release|ARM64
		{fead2806-90ad-4085-9bd2-216a272646c6}.Release|ARM64.Deploy.0 = Release|ARM64
		{fead2806-90ad-4085-9bd2-216a272646c6}.Release|iPhone.ActiveCfg = Release|x86
		{fead2806-90ad-4085-9bd2-216a272646c6}.Release|iPhone.Build.0 = Release|x86
		{fead2806-90ad-4085-9bd2-216a272646c6}.Release|iPhoneSimulator.ActiveCfg = Release|x86
		{fead2806-90ad-4085-9bd2-216a272646c6}.Release|iPhoneSimulator.Build.0 = Release|x86
		{fead2806-90ad-4085-9bd2-216a272646c6}.Release|iPhoneSimulator.Deploy.0 = Release|x86
		{fead2806-90ad-4085-9bd2-216a272646c6}.Release|x64.ActiveCfg = Release|x64
		{fead2806-90ad-4085-9bd2-216a272646c6}.Release|x64.Build.0 = Release|x64
		{fead2806-90ad-4085-9bd2-216a272646c6}.Release|x64.Deploy.0 = Release|x64
		{fead2806-90ad-4085-9bd2-216a272646c6}.Release|x86.ActiveCfg = Release|x86
		{fead2806-90ad-4085-9bd2-216a272646c6}.Release|x86.Build.0 = Release|x86
		{fead2806-90ad-4085-9bd2-216a272646c6}.Release|x86.Deploy.0 = Release|x86

		{fead2806-90ad-4085-9bd2-216a272646c6}.Debug|Any CPU.ActiveCfg = Debug|Any CPU
		{fead2806-90ad-4085-9bd2-216a272646c6}.Debug|Any CPU.Build.0 = Debug|Any CPU
		{fead2806-90ad-4085-9bd2-216a272646c6}.Debug|ARM.ActiveCfg = Debug|Any CPU
		{fead2806-90ad-4085-9bd2-216a272646c6}.Debug|ARM.Build.0 = Debug|Any CPU
		{fead2806-90ad-4085-9bd2-216a272646c6}.Debug|ARM64.ActiveCfg = Debug|Any CPU
		{fead2806-90ad-4085-9bd2-216a272646c6}.Debug|ARM64.Build.0 = Debug|Any CPU
		{fead2806-90ad-4085-9bd2-216a272646c6}.Debug|iPhone.ActiveCfg = Debug|Any CPU
		{fead2806-90ad-4085-9bd2-216a272646c6}.Debug|iPhone.Build.0 = Debug|Any CPU
		{fead2806-90ad-4085-9bd2-216a272646c6}.Debug|iPhoneSimulator.ActiveCfg = Debug|Any CPU
		{fead2806-90ad-4085-9bd2-216a272646c6}.Debug|iPhoneSimulator.Build.0 = Debug|Any CPU
		{fead2806-90ad-4085-9bd2-216a272646c6}.Debug|x64.ActiveCfg = Debug|Any CPU
		{fead2806-90ad-4085-9bd2-216a272646c6}.Debug|x64.Build.0 = Debug|Any CPU
		{fead2806-90ad-4085-9bd2-216a272646c6}.Debug|x86.ActiveCfg = Debug|Any CPU
		{fead2806-90ad-4085-9bd2-216a272646c6}.Debug|x86.Build.0 = Debug|Any CPU
		{fead2806-90ad-4085-9bd2-216a272646c6}.Release|Any CPU.ActiveCfg = Release|Any CPU
		{fead2806-90ad-4085-9bd2-216a272646c6}.Release|Any CPU.Build.0 = Release|Any CPU
		{fead2806-90ad-4085-9bd2-216a272646c6}.Release|ARM.ActiveCfg = Release|Any CPU
		{fead2806-90ad-4085-9bd2-216a272646c6}.Release|ARM.Build.0 = Release|Any CPU
		{fead2806-90ad-4085-9bd2-216a272646c6}.Release|ARM64.ActiveCfg = Release|Any CPU
		{fead2806-90ad-4085-9bd2-216a272646c6}.Release|ARM64.Build.0 = Release|Any CPU
		{fead2806-90ad-4085-9bd2-216a272646c6}.Release|iPhone.ActiveCfg = Release|Any CPU
		{fead2806-90ad-4085-9bd2-216a272646c6}.Release|iPhone.Build.0 = Release|Any CPU
		{fead2806-90ad-4085-9bd2-216a272646c6}.Release|iPhoneSimulator.ActiveCfg = Release|Any CPU
		{fead2806-90ad-4085-9bd2-216a272646c6}.Release|iPhoneSimulator.Build.0 = Release|Any CPU
		{fead2806-90ad-4085-9bd2-216a272646c6}.Release|x64.ActiveCfg = Release|Any CPU
		{fead2806-90ad-4085-9bd2-216a272646c6}.Release|x64.Build.0 = Release|Any CPU
		{fead2806-90ad-4085-9bd2-216a272646c6}.Release|x86.ActiveCfg = Release|Any CPU
		{fead2806-90ad-4085-9bd2-216a272646c6}.Release|x86.Build.0 = Release|Any CPU

		{A5B8155A-118F-4794-B551-C6F3CF7E5411}.Debug|Any CPU.ActiveCfg = Debug|Any CPU
		{A5B8155A-118F-4794-B551-C6F3CF7E5411}.Debug|Any CPU.Build.0 = Debug|Any CPU
		{A5B8155A-118F-4794-B551-C6F3CF7E5411}.Debug|ARM.ActiveCfg = Debug|Any CPU
		{A5B8155A-118F-4794-B551-C6F3CF7E5411}.Debug|ARM.Build.0 = Debug|Any CPU
		{A5B8155A-118F-4794-B551-C6F3CF7E5411}.Debug|ARM64.ActiveCfg = Debug|Any CPU
		{A5B8155A-118F-4794-B551-C6F3CF7E5411}.Debug|ARM64.Build.0 = Debug|Any CPU
		{A5B8155A-118F-4794-B551-C6F3CF7E5411}.Debug|iPhone.ActiveCfg = Debug|Any CPU
		{A5B8155A-118F-4794-B551-C6F3CF7E5411}.Debug|iPhone.Build.0 = Debug|Any CPU
		{A5B8155A-118F-4794-B551-C6F3CF7E5411}.Debug|iPhoneSimulator.ActiveCfg = Debug|Any CPU
		{A5B8155A-118F-4794-B551-C6F3CF7E5411}.Debug|iPhoneSimulator.Build.0 = Debug|Any CPU
		{A5B8155A-118F-4794-B551-C6F3CF7E5411}.Debug|x64.ActiveCfg = Debug|Any CPU
		{A5B8155A-118F-4794-B551-C6F3CF7E5411}.Debug|x64.Build.0 = Debug|Any CPU
		{A5B8155A-118F-4794-B551-C6F3CF7E5411}.Debug|x86.ActiveCfg = Debug|Any CPU
		{A5B8155A-118F-4794-B551-C6F3CF7E5411}.Debug|x86.Build.0 = Debug|Any CPU
		{A5B8155A-118F-4794-B551-C6F3CF7E5411}.Release|Any CPU.ActiveCfg = Release|Any CPU
		{A5B8155A-118F-4794-B551-C6F3CF7E5411}.Release|Any CPU.Build.0 = Release|Any CPU
		{A5B8155A-118F-4794-B551-C6F3CF7E5411}.Release|ARM.ActiveCfg = Release|Any CPU
		{A5B8155A-118F-4794-B551-C6F3CF7E5411}.Release|ARM.Build.0 = Release|Any CPU
		{A5B8155A-118F-4794-B551-C6F3CF7E5411}.Release|ARM64.ActiveCfg = Release|Any CPU
		{A5B8155A-118F-4794-B551-C6F3CF7E5411}.Release|ARM64.Build.0 = Release|Any CPU
		{A5B8155A-118F-4794-B551-C6F3CF7E5411}.Release|iPhone.ActiveCfg = Release|Any CPU
		{A5B8155A-118F-4794-B551-C6F3CF7E5411}.Release|iPhone.Build.0 = Release|Any CPU
		{A5B8155A-118F-4794-B551-C6F3CF7E5411}.Release|iPhoneSimulator.ActiveCfg = Release|Any CPU
		{A5B8155A-118F-4794-B551-C6F3CF7E5411}.Release|iPhoneSimulator.Build.0 = Release|Any CPU
		{A5B8155A-118F-4794-B551-C6F3CF7E5411}.Release|x64.ActiveCfg = Release|Any CPU
		{A5B8155A-118F-4794-B551-C6F3CF7E5411}.Release|x64.Build.0 = Release|Any CPU
		{A5B8155A-118F-4794-B551-C6F3CF7E5411}.Release|x86.ActiveCfg = Release|Any CPU
		{A5B8155A-118F-4794-B551-C6F3CF7E5411}.Release|x86.Build.0 = Release|Any CPU

		{9AED22A6-77DC-4799-BAE7-5F26F2070BD2}.Debug|Any CPU.ActiveCfg = Debug|Any CPU
		{9AED22A6-77DC-4799-BAE7-5F26F2070BD2}.Debug|Any CPU.Build.0 = Debug|Any CPU
		{9AED22A6-77DC-4799-BAE7-5F26F2070BD2}.Debug|ARM.ActiveCfg = Debug|Any CPU
		{9AED22A6-77DC-4799-BAE7-5F26F2070BD2}.Debug|ARM.Build.0 = Debug|Any CPU
		{9AED22A6-77DC-4799-BAE7-5F26F2070BD2}.Debug|ARM64.ActiveCfg = Debug|Any CPU
		{9AED22A6-77DC-4799-BAE7-5F26F2070BD2}.Debug|ARM64.Build.0 = Debug|Any CPU
		{9AED22A6-77DC-4799-BAE7-5F26F2070BD2}.Debug|iPhone.ActiveCfg = Debug|Any CPU
		{9AED22A6-77DC-4799-BAE7-5F26F2070BD2}.Debug|iPhone.Build.0 = Debug|Any CPU
		{9AED22A6-77DC-4799-BAE7-5F26F2070BD2}.Debug|iPhoneSimulator.ActiveCfg = Debug|Any CPU
		{9AED22A6-77DC-4799-BAE7-5F26F2070BD2}.Debug|iPhoneSimulator.Build.0 = Debug|Any CPU
		{9AED22A6-77DC-4799-BAE7-5F26F2070BD2}.Debug|x64.ActiveCfg = Debug|Any CPU
		{9AED22A6-77DC-4799-BAE7-5F26F2070BD2}.Debug|x64.Build.0 = Debug|Any CPU
		{9AED22A6-77DC-4799-BAE7-5F26F2070BD2}.Debug|x86.ActiveCfg = Debug|Any CPU
		{9AED22A6-77DC-4799-BAE7-5F26F2070BD2}.Debug|x86.Build.0 = Debug|Any CPU
		{9AED22A6-77DC-4799-BAE7-5F26F2070BD2}.Release|Any CPU.ActiveCfg = Release|Any CPU
		{9AED22A6-77DC-4799-BAE7-5F26F2070BD2}.Release|Any CPU.Build.0 = Release|Any CPU
		{9AED22A6-77DC-4799-BAE7-5F26F2070BD2}.Release|ARM.ActiveCfg = Release|Any CPU
		{9AED22A6-77DC-4799-BAE7-5F26F2070BD2}.Release|ARM.Build.0 = Release|Any CPU
		{9AED22A6-77DC-4799-BAE7-5F26F2070BD2}.Release|ARM64.ActiveCfg = Release|Any CPU
		{9AED22A6-77DC-4799-BAE7-5F26F2070BD2}.Release|ARM64.Build.0 = Release|Any CPU
		{9AED22A6-77DC-4799-BAE7-5F26F2070BD2}.Release|iPhone.ActiveCfg = Release|Any CPU
		{9AED22A6-77DC-4799-BAE7-5F26F2070BD2}.Release|iPhone.Build.0 = Release|Any CPU
		{9AED22A6-77DC-4799-BAE7-5F26F2070BD2}.Release|iPhoneSimulator.ActiveCfg = Release|Any CPU
		{9AED22A6-77DC-4799-BAE7-5F26F2070BD2}.Release|iPhoneSimulator.Build.0 = Release|Any CPU
		{9AED22A6-77DC-4799-BAE7-5F26F2070BD2}.Release|x64.ActiveCfg = Release|Any CPU
		{9AED22A6-77DC-4799-BAE7-5F26F2070BD2}.Release|x64.Build.0 = Release|Any CPU
		{9AED22A6-77DC-4799-BAE7-5F26F2070BD2}.Release|x86.ActiveCfg = Release|Any CPU
		{9AED22A6-77DC-4799-BAE7-5F26F2070BD2}.Release|x86.Build.0 = Release|Any CPU

		{6CF284A4-22B1-4F05-97F4-F095C07A598E}.Debug|Any CPU.ActiveCfg = Debug|Any CPU
		{6CF284A4-22B1-4F05-97F4-F095C07A598E}.Debug|Any CPU.Build.0 = Debug|Any CPU
		{6CF284A4-22B1-4F05-97F4-F095C07A598E}.Debug|ARM.ActiveCfg = Debug|Any CPU
		{6CF284A4-22B1-4F05-97F4-F095C07A598E}.Debug|ARM.Build.0 = Debug|Any CPU
		{6CF284A4-22B1-4F05-97F4-F095C07A598E}.Debug|ARM64.ActiveCfg = Debug|Any CPU
		{6CF284A4-22B1-4F05-97F4-F095C07A598E}.Debug|ARM64.Build.0 = Debug|Any CPU
		{6CF284A4-22B1-4F05-97F4-F095C07A598E}.Debug|iPhone.ActiveCfg = Debug|Any CPU
		{6CF284A4-22B1-4F05-97F4-F095C07A598E}.Debug|iPhone.Build.0 = Debug|Any CPU
		{6CF284A4-22B1-4F05-97F4-F095C07A598E}.Debug|iPhoneSimulator.ActiveCfg = Debug|Any CPU
		{6CF284A4-22B1-4F05-97F4-F095C07A598E}.Debug|iPhoneSimulator.Build.0 = Debug|Any CPU
		{6CF284A4-22B1-4F05-97F4-F095C07A598E}.Debug|x64.ActiveCfg = Debug|Any CPU
		{6CF284A4-22B1-4F05-97F4-F095C07A598E}.Debug|x64.Build.0 = Debug|Any CPU
		{6CF284A4-22B1-4F05-97F4-F095C07A598E}.Debug|x86.ActiveCfg = Debug|Any CPU
		{6CF284A4-22B1-4F05-97F4-F095C07A598E}.Debug|x86.Build.0 = Debug|Any CPU
		{6CF284A4-22B1-4F05-97F4-F095C07A598E}.Release|Any CPU.ActiveCfg = Release|Any CPU
		{6CF284A4-22B1-4F05-97F4-F095C07A598E}.Release|Any CPU.Build.0 = Release|Any CPU
		{6CF284A4-22B1-4F05-97F4-F095C07A598E}.Release|ARM.ActiveCfg = Release|Any CPU
		{6CF284A4-22B1-4F05-97F4-F095C07A598E}.Release|ARM.Build.0 = Release|Any CPU
		{6CF284A4-22B1-4F05-97F4-F095C07A598E}.Release|ARM64.ActiveCfg = Release|Any CPU
		{6CF284A4-22B1-4F05-97F4-F095C07A598E}.Release|ARM64.Build.0 = Release|Any CPU
		{6CF284A4-22B1-4F05-97F4-F095C07A598E}.Release|iPhone.ActiveCfg = Release|Any CPU
		{6CF284A4-22B1-4F05-97F4-F095C07A598E}.Release|iPhone.Build.0 = Release|Any CPU
		{6CF284A4-22B1-4F05-97F4-F095C07A598E}.Release|iPhoneSimulator.ActiveCfg = Release|Any CPU
		{6CF284A4-22B1-4F05-97F4-F095C07A598E}.Release|iPhoneSimulator.Build.0 = Release|Any CPU
		{6CF284A4-22B1-4F05-97F4-F095C07A598E}.Release|x64.ActiveCfg = Release|Any CPU
		{6CF284A4-22B1-4F05-97F4-F095C07A598E}.Release|x64.Build.0 = Release|Any CPU
		{6CF284A4-22B1-4F05-97F4-F095C07A598E}.Release|x86.ActiveCfg = Release|Any CPU
		{6CF284A4-22B1-4F05-97F4-F095C07A598E}.Release|x86.Build.0 = Release|Any CPU

		{40EA03F7-8A22-4143-B251-79BAC3EB13D2}.Debug|Any CPU.ActiveCfg = Debug|Any CPU
		{40EA03F7-8A22-4143-B251-79BAC3EB13D2}.Debug|Any CPU.Build.0 = Debug|Any CPU
		{40EA03F7-8A22-4143-B251-79BAC3EB13D2}.Debug|ARM.ActiveCfg = Debug|Any CPU
		{40EA03F7-8A22-4143-B251-79BAC3EB13D2}.Debug|ARM.Build.0 = Debug|Any CPU
		{40EA03F7-8A22-4143-B251-79BAC3EB13D2}.Debug|ARM64.ActiveCfg = Debug|Any CPU
		{40EA03F7-8A22-4143-B251-79BAC3EB13D2}.Debug|ARM64.Build.0 = Debug|Any CPU
		{40EA03F7-8A22-4143-B251-79BAC3EB13D2}.Debug|iPhone.ActiveCfg = Debug|Any CPU
		{40EA03F7-8A22-4143-B251-79BAC3EB13D2}.Debug|iPhone.Build.0 = Debug|Any CPU
		{40EA03F7-8A22-4143-B251-79BAC3EB13D2}.Debug|iPhoneSimulator.ActiveCfg = Debug|Any CPU
		{40EA03F7-8A22-4143-B251-79BAC3EB13D2}.Debug|iPhoneSimulator.Build.0 = Debug|Any CPU
		{40EA03F7-8A22-4143-B251-79BAC3EB13D2}.Debug|x64.ActiveCfg = Debug|Any CPU
		{40EA03F7-8A22-4143-B251-79BAC3EB13D2}.Debug|x64.Build.0 = Debug|Any CPU
		{40EA03F7-8A22-4143-B251-79BAC3EB13D2}.Debug|x86.ActiveCfg = Debug|Any CPU
		{40EA03F7-8A22-4143-B251-79BAC3EB13D2}.Debug|x86.Build.0 = Debug|Any CPU
		{40EA03F7-8A22-4143-B251-79BAC3EB13D2}.Release|Any CPU.ActiveCfg = Release|Any CPU
		{40EA03F7-8A22-4143-B251-79BAC3EB13D2}.Release|Any CPU.Build.0 = Release|Any CPU
		{40EA03F7-8A22-4143-B251-79BAC3EB13D2}.Release|ARM.ActiveCfg = Release|Any CPU
		{40EA03F7-8A22-4143-B251-79BAC3EB13D2}.Release|ARM.Build.0 = Release|Any CPU
		{40EA03F7-8A22-4143-B251-79BAC3EB13D2}.Release|ARM64.ActiveCfg = Release|Any CPU
		{40EA03F7-8A22-4143-B251-79BAC3EB13D2}.Release|ARM64.Build.0 = Release|Any CPU
		{40EA03F7-8A22-4143-B251-79BAC3EB13D2}.Release|iPhone.ActiveCfg = Release|Any CPU
		{40EA03F7-8A22-4143-B251-79BAC3EB13D2}.Release|iPhone.Build.0 = Release|Any CPU
		{40EA03F7-8A22-4143-B251-79BAC3EB13D2}.Release|iPhoneSimulator.ActiveCfg = Release|Any CPU
		{40EA03F7-8A22-4143-B251-79BAC3EB13D2}.Release|iPhoneSimulator.Build.0 = Release|Any CPU
		{40EA03F7-8A22-4143-B251-79BAC3EB13D2}.Release|x64.ActiveCfg = Release|Any CPU
		{40EA03F7-8A22-4143-B251-79BAC3EB13D2}.Release|x64.Build.0 = Release|Any CPU
		{40EA03F7-8A22-4143-B251-79BAC3EB13D2}.Release|x86.ActiveCfg = Release|Any CPU
		{40EA03F7-8A22-4143-B251-79BAC3EB13D2}.Release|x86.Build.0 = Release|Any CPU
		{72a44ae1-6ad1-427f-b731-cc4b37cf911f}.Debug|Any CPU.ActiveCfg = Debug|iPhoneSimulator
		{72a44ae1-6ad1-427f-b731-cc4b37cf911f}.Debug|Any CPU.Build.0 = Debug|iPhoneSimulator
		{72a44ae1-6ad1-427f-b731-cc4b37cf911f}.Debug|ARM.ActiveCfg = Debug|iPhoneSimulator
		{72a44ae1-6ad1-427f-b731-cc4b37cf911f}.Debug|ARM64.ActiveCfg = Debug|iPhoneSimulator
		{72a44ae1-6ad1-427f-b731-cc4b37cf911f}.Debug|iPhone.ActiveCfg = Debug|iPhoneSimulator
		{72a44ae1-6ad1-427f-b731-cc4b37cf911f}.Debug|iPhone.Build.0 = Debug|iPhoneSimulator
		{72a44ae1-6ad1-427f-b731-cc4b37cf911f}.Debug|iPhoneSimulator.ActiveCfg = Debug|iPhoneSimulator
		{72a44ae1-6ad1-427f-b731-cc4b37cf911f}.Debug|iPhoneSimulator.Build.0 = Debug|iPhoneSimulator
		{72a44ae1-6ad1-427f-b731-cc4b37cf911f}.Debug|x64.ActiveCfg = Debug|iPhoneSimulator
		{72a44ae1-6ad1-427f-b731-cc4b37cf911f}.Debug|x64.Build.0 = Debug|iPhoneSimulator
		{72a44ae1-6ad1-427f-b731-cc4b37cf911f}.Debug|x86.ActiveCfg = Debug|iPhoneSimulator
		{72a44ae1-6ad1-427f-b731-cc4b37cf911f}.Debug|x86.Build.0 = Debug|iPhoneSimulator
		{72a44ae1-6ad1-427f-b731-cc4b37cf911f}.Release|Any CPU.ActiveCfg = Release|iPhoneSimulator
		{72a44ae1-6ad1-427f-b731-cc4b37cf911f}.Release|ARM.ActiveCfg = Release|iPhoneSimulator
		{72a44ae1-6ad1-427f-b731-cc4b37cf911f}.Release|ARM64.ActiveCfg = Release|iPhoneSimulator
		{72a44ae1-6ad1-427f-b731-cc4b37cf911f}.Release|iPhone.ActiveCfg = Release|iPhoneSimulator
		{72a44ae1-6ad1-427f-b731-cc4b37cf911f}.Release|iPhone.Build.0 = Release|iPhoneSimulator
		{72a44ae1-6ad1-427f-b731-cc4b37cf911f}.Release|iPhoneSimulator.ActiveCfg = Release|iPhoneSimulator
		{72a44ae1-6ad1-427f-b731-cc4b37cf911f}.Release|iPhoneSimulator.Build.0 = Release|iPhoneSimulator
		{72a44ae1-6ad1-427f-b731-cc4b37cf911f}.Release|x64.ActiveCfg = Release|iPhoneSimulator
		{72a44ae1-6ad1-427f-b731-cc4b37cf911f}.Release|x64.Build.0 = Release|iPhoneSimulator
		{72a44ae1-6ad1-427f-b731-cc4b37cf911f}.Release|x86.ActiveCfg = Release|iPhoneSimulator
		{72a44ae1-6ad1-427f-b731-cc4b37cf911f}.Release|x86.Build.0 = Release|iPhoneSimulator
	EndGlobalSection
	GlobalSection(SolutionProperties) = preSolution
		HideSolutionNode = FALSE
	EndGlobalSection
	GlobalSection(ExtensibilityGlobals) = postSolution
		SolutionGuid = {C7433AE2-B1A0-4C1A-887E-5CAA7AAF67A6}
	EndGlobalSection
EndGlobal
